# This file is autogenerated, do not edit; changes may be undone by the next 'dep ensure'.


[[projects]]
  name = "github.com/go-log/log"
  packages = [
    ".",
    "log"
  ]
  revision = "37e2e1f19306361e1fc152a1839f1236149cb4e4"
  version = "v0.1.0"

[[projects]]
  name = "github.com/go-redis/redis"
  packages = [
    ".",
    "internal",
    "internal/consistenthash",
    "internal/hashtag",
    "internal/pool",
    "internal/proto"
  ]
  revision = "73b70592cdaa9e6abdfcfbf97b4a90d80728c836"
  version = "v6.8.0"

[[projects]]
  branch = "master"
  name = "github.com/golang/protobuf"
  packages = ["proto"]
  revision = "1e59b77b52bf8e4b449a57e6f79f21226d571845"

[[projects]]
  name = "github.com/hashicorp/consul"
  packages = [
    "api",
    "watch"
  ]
  revision = "b55059fc3d0327c92c41431e57dfd2df3f956b03"
  version = "v1.0.2"

[[projects]]
  branch = "master"
  name = "github.com/hashicorp/go-cleanhttp"
  packages = ["."]
  revision = "d5fe4b57a186c716b0e00b8c301cbd9b4182694d"

[[projects]]
  branch = "master"
  name = "github.com/hashicorp/go-rootcerts"
  packages = ["."]
  revision = "6bb64b370b90e7ef1fa532be9e591a81c3493e00"

[[projects]]
  name = "github.com/hashicorp/serf"
  packages = ["coordinate"]
  revision = "d6574a5bb1226678d7010325fb6c985db20ee458"
  version = "v0.8.1"

[[projects]]
  branch = "master"
  name = "github.com/micro/cli"
  packages = ["."]
  revision = "3d2263bb092286dde294a31049c92665f8373820"

[[projects]]
  branch = "master"
  name = "github.com/micro/go-log"
  packages = ["."]
  revision = "cbfa9447f9b655f8e66583237e51f40ca9bff860"

[[projects]]
  name = "github.com/micro/go-micro"
  packages = [
    ".",
    "broker",
    "broker/codec",
    "broker/codec/json",
    "broker/http",
    "client",
    "cmd",
    "codec",
    "codec/jsonrpc",
    "codec/protorpc",
    "errors",
    "metadata",
    "registry",
    "registry/consul",
    "registry/mdns",
    "selector",
    "selector/cache",
    "server",
    "server/debug",
    "server/debug/proto",
    "transport",
    "transport/codec",
    "transport/http"
  ]
  revision = "45420d841329d8e2252f528df3048f95b8e4be94"
  version = "v0.3.0"

[[projects]]
  branch = "master"
  name = "github.com/micro/go-rcache"
  packages = ["."]
  revision = "5d0460e1ba8a8196c7b31c2b534903130edf94e2"

[[projects]]
  branch = "master"
  name = "github.com/micro/mdns"
  packages = ["."]
  revision = "cdf30746f9f70dc7a366d3d885792a092fd83102"

[[projects]]
  branch = "master"
  name = "github.com/micro/misc"
  packages = [
    "lib/addr",
    "lib/net",
    "lib/tls"
  ]
  revision = "92560176a0866e3584c13e7ff7d4747c5bf793f7"

[[projects]]
  name = "github.com/miekg/dns"
  packages = ["."]
  revision = "552716c114b8ea7d27dad6c511e441937577fa62"
  version = "v1.0.2"

[[projects]]
  branch = "master"
  name = "github.com/mitchellh/go-homedir"
  packages = ["."]
  revision = "b8bc1bf767474819792c23f32d8286a45736f1c6"

[[projects]]
  branch = "master"
  name = "github.com/mitchellh/hashstructure"
  packages = ["."]
  revision = "2bca23e0e452137f789efbc8610126fd8b94f73b"

[[projects]]
  branch = "master"
  name = "github.com/mitchellh/mapstructure"
  packages = ["."]
  revision = "06020f85339e21b2478f756a78e295255ffa4d6a"

[[projects]]
  name = "github.com/pborman/uuid"
  packages = ["."]
  revision = "e790cca94e6cc75c7064b1332e63811d4aae1a53"
  version = "v1.1"

[[projects]]
  name = "github.com/pkg/errors"
  packages = ["."]
  revision = "645ef00459ed84a119197bfb8d8205042c6df63d"
  version = "v0.8.0"

[[projects]]
  branch = "master"
  name = "golang.org/x/crypto"
  packages = [
    "ed25519",
    "ed25519/internal/edwards25519"
  ]
  revision = "0fcca4842a8d74bfddc2c96a073bd2a4d2a7a2e8"

[[projects]]
  branch = "master"
  name = "golang.org/x/net"
  packages = [
    "bpf",
    "context",
    "internal/iana",
    "internal/socket",
    "ipv4",
    "ipv6"
  ]
  revision = "434ec0c7fe3742c984919a691b2018a6e9694425"

[solve-meta]
  analyzer-name = "dep"
  analyzer-version = 1
  inputs-digest = "936669c1dbe84e50b47d17113967463daf348926b5227ff724b1d4b90b7b1882"
  solver-name = "gps-cdcl"
  solver-version = 1
